// !$*UTF8*$!
{
	archiveVersion = 1;
	classes = {
	};
	objectVersion = 45;
	objects = {

/* Begin PBXBuildFile section */
		1DDD58160DA1D0A300B32029 /* MainMenu.xib in Resources */ = {isa = PBXBuildFile; fileRef = 1DDD58140DA1D0A300B32029 /* MainMenu.xib */; };
		256AC3DA0F4B6AC300CF3369 /* rt_trayAppDelegate.m in Sources */ = {isa = PBXBuildFile; fileRef = 256AC3D90F4B6AC300CF3369 /* rt_trayAppDelegate.m */; };
		861843BF108B6FAF00D72F2D /* Torrent.m in Sources */ = {isa = PBXBuildFile; fileRef = 861843BE108B6FAF00D72F2D /* Torrent.m */; };
		861843C8108B706E00D72F2D /* Config.m in Sources */ = {isa = PBXBuildFile; fileRef = 861843C7108B706E00D72F2D /* Config.m */; };
		86B02C8C108B0F39009B7F46 /* TorrentListController.m in Sources */ = {isa = PBXBuildFile; fileRef = 86B02C8B108B0F39009B7F46 /* TorrentListController.m */; };
		86B02D4A108B50A0009B7F46 /* NSDataAdditions.m in Sources */ = {isa = PBXBuildFile; fileRef = 86B02D35108B50A0009B7F46 /* NSDataAdditions.m */; };
		86B02D4B108B50A0009B7F46 /* NSStringAdditions.m in Sources */ = {isa = PBXBuildFile; fileRef = 86B02D37108B50A0009B7F46 /* NSStringAdditions.m */; };
		86B02D4C108B50A0009B7F46 /* XMLRPCConnection.m in Sources */ = {isa = PBXBuildFile; fileRef = 86B02D3A108B50A0009B7F46 /* XMLRPCConnection.m */; };
		86B02D4D108B50A0009B7F46 /* XMLRPCConnectionManager.m in Sources */ = {isa = PBXBuildFile; fileRef = 86B02D3D108B50A0009B7F46 /* XMLRPCConnectionManager.m */; };
		86B02D4E108B50A0009B7F46 /* XMLRPCEncoder.m in Sources */ = {isa = PBXBuildFile; fileRef = 86B02D3F108B50A0009B7F46 /* XMLRPCEncoder.m */; };
		86B02D4F108B50A0009B7F46 /* XMLRPCEventBasedParser.m in Sources */ = {isa = PBXBuildFile; fileRef = 86B02D41108B50A0009B7F46 /* XMLRPCEventBasedParser.m */; };
		86B02D50108B50A0009B7F46 /* XMLRPCEventBasedParserDelegate.m in Sources */ = {isa = PBXBuildFile; fileRef = 86B02D43108B50A0009B7F46 /* XMLRPCEventBasedParserDelegate.m */; };
		86B02D51108B50A0009B7F46 /* XMLRPCRequest.m in Sources */ = {isa = PBXBuildFile; fileRef = 86B02D45108B50A0009B7F46 /* XMLRPCRequest.m */; };
		86B02D52108B50A0009B7F46 /* XMLRPCResponse.m in Sources */ = {isa = PBXBuildFile; fileRef = 86B02D47108B50A0009B7F46 /* XMLRPCResponse.m */; };
		86B02D53108B50A0009B7F46 /* XMLRPCTreeBasedParser.m in Sources */ = {isa = PBXBuildFile; fileRef = 86B02D49108B50A0009B7F46 /* XMLRPCTreeBasedParser.m */; };
		86B02D7D108B517F009B7F46 /* XMLRPCDelegate.m in Sources */ = {isa = PBXBuildFile; fileRef = 86B02D7C108B517F009B7F46 /* XMLRPCDelegate.m */; };
		8D11072B0486CEB800E47090 /* InfoPlist.strings in Resources */ = {isa = PBXBuildFile; fileRef = 089C165CFE840E0CC02AAC07 /* InfoPlist.strings */; };
		8D11072D0486CEB800E47090 /* main.m in Sources */ = {isa = PBXBuildFile; fileRef = 29B97316FDCFA39411CA2CEA /* main.m */; settings = {ATTRIBUTES = (); }; };
		8D11072F0486CEB800E47090 /* Cocoa.framework in Frameworks */ = {isa = PBXBuildFile; fileRef = 1058C7A1FEA54F0111CA2CBB /* Cocoa.framework */; };
/* End PBXBuildFile section */

/* Begin PBXFileReference section */
		089C165DFE840E0CC02AAC07 /* English */ = {isa = PBXFileReference; fileEncoding = 4; lastKnownFileType = text.plist.strings; name = English; path = English.lproj/InfoPlist.strings; sourceTree = "<group>"; };
		1058C7A1FEA54F0111CA2CBB /* Cocoa.framework */ = {isa = PBXFileReference; lastKnownFileType = wrapper.framework; name = Cocoa.framework; path = /System/Library/Frameworks/Cocoa.framework; sourceTree = "<absolute>"; };
		13E42FB307B3F0F600E4EEF1 /* CoreData.framework */ = {isa = PBXFileReference; lastKnownFileType = wrapper.framework; name = CoreData.framework; path = /System/Library/Frameworks/CoreData.framework; sourceTree = "<absolute>"; };
		1DDD58150DA1D0A300B32029 /* English */ = {isa = PBXFileReference; lastKnownFileType = file.xib; name = English; path = English.lproj/MainMenu.xib; sourceTree = "<group>"; };
		256AC3D80F4B6AC300CF3369 /* rt_trayAppDelegate.h */ = {isa = PBXFileReference; fileEncoding = 4; lastKnownFileType = sourcecode.c.h; path = rt_trayAppDelegate.h; sourceTree = "<group>"; };
		256AC3D90F4B6AC300CF3369 /* rt_trayAppDelegate.m */ = {isa = PBXFileReference; fileEncoding = 4; lastKnownFileType = sourcecode.c.objc; path = rt_trayAppDelegate.m; sourceTree = "<group>"; };
		256AC3F00F4B6AF500CF3369 /* rt_tray_Prefix.pch */ = {isa = PBXFileReference; fileEncoding = 4; lastKnownFileType = sourcecode.c.h; path = rt_tray_Prefix.pch; sourceTree = "<group>"; };
		29B97316FDCFA39411CA2CEA /* main.m */ = {isa = PBXFileReference; fileEncoding = 4; lastKnownFileType = sourcecode.c.objc; path = main.m; sourceTree = "<group>"; };
		29B97324FDCFA39411CA2CEA /* AppKit.framework */ = {isa = PBXFileReference; lastKnownFileType = wrapper.framework; name = AppKit.framework; path = /System/Library/Frameworks/AppKit.framework; sourceTree = "<absolute>"; };
		29B97325FDCFA39411CA2CEA /* Foundation.framework */ = {isa = PBXFileReference; lastKnownFileType = wrapper.framework; name = Foundation.framework; path = /System/Library/Frameworks/Foundation.framework; sourceTree = "<absolute>"; };
		861843BD108B6FAF00D72F2D /* Torrent.h */ = {isa = PBXFileReference; fileEncoding = 4; lastKnownFileType = sourcecode.c.h; path = Torrent.h; sourceTree = "<group>"; };
		861843BE108B6FAF00D72F2D /* Torrent.m */ = {isa = PBXFileReference; fileEncoding = 4; lastKnownFileType = sourcecode.c.objc; path = Torrent.m; sourceTree = "<group>"; };
		861843C6108B706E00D72F2D /* Config.h */ = {isa = PBXFileReference; fileEncoding = 4; lastKnownFileType = sourcecode.c.h; path = Config.h; sourceTree = "<group>"; };
		861843C7108B706E00D72F2D /* Config.m */ = {isa = PBXFileReference; fileEncoding = 4; lastKnownFileType = sourcecode.c.objc; path = Config.m; sourceTree = "<group>"; };
		86B02C8A108B0F39009B7F46 /* TorrentListController.h */ = {isa = PBXFileReference; fileEncoding = 4; lastKnownFileType = sourcecode.c.h; path = TorrentListController.h; sourceTree = "<group>"; };
		86B02C8B108B0F39009B7F46 /* TorrentListController.m */ = {isa = PBXFileReference; fileEncoding = 4; lastKnownFileType = sourcecode.c.objc; path = TorrentListController.m; sourceTree = "<group>"; };
		86B02D34108B50A0009B7F46 /* NSDataAdditions.h */ = {isa = PBXFileReference; fileEncoding = 4; lastKnownFileType = sourcecode.c.h; path = NSDataAdditions.h; sourceTree = "<group>"; };
		86B02D35108B50A0009B7F46 /* NSDataAdditions.m */ = {isa = PBXFileReference; fileEncoding = 4; lastKnownFileType = sourcecode.c.objc; path = NSDataAdditions.m; sourceTree = "<group>"; };
		86B02D36108B50A0009B7F46 /* NSStringAdditions.h */ = {isa = PBXFileReference; fileEncoding = 4; lastKnownFileType = sourcecode.c.h; path = NSStringAdditions.h; sourceTree = "<group>"; };
		86B02D37108B50A0009B7F46 /* NSStringAdditions.m */ = {isa = PBXFileReference; fileEncoding = 4; lastKnownFileType = sourcecode.c.objc; path = NSStringAdditions.m; sourceTree = "<group>"; };
		86B02D38108B50A0009B7F46 /* XMLRPC.h */ = {isa = PBXFileReference; fileEncoding = 4; lastKnownFileType = sourcecode.c.h; path = XMLRPC.h; sourceTree = "<group>"; };
		86B02D39108B50A0009B7F46 /* XMLRPCConnection.h */ = {isa = PBXFileReference; fileEncoding = 4; lastKnownFileType = sourcecode.c.h; path = XMLRPCConnection.h; sourceTree = "<group>"; };
		86B02D3A108B50A0009B7F46 /* XMLRPCConnection.m */ = {isa = PBXFileReference; fileEncoding = 4; lastKnownFileType = sourcecode.c.objc; path = XMLRPCConnection.m; sourceTree = "<group>"; };
		86B02D3B108B50A0009B7F46 /* XMLRPCConnectionDelegate.h */ = {isa = PBXFileReference; fileEncoding = 4; lastKnownFileType = sourcecode.c.h; path = XMLRPCConnectionDelegate.h; sourceTree = "<group>"; };
		86B02D3C108B50A0009B7F46 /* XMLRPCConnectionManager.h */ = {isa = PBXFileReference; fileEncoding = 4; lastKnownFileType = sourcecode.c.h; path = XMLRPCConnectionManager.h; sourceTree = "<group>"; };
		86B02D3D108B50A0009B7F46 /* XMLRPCConnectionManager.m */ = {isa = PBXFileReference; fileEncoding = 4; lastKnownFileType = sourcecode.c.objc; path = XMLRPCConnectionManager.m; sourceTree = "<group>"; };
		86B02D3E108B50A0009B7F46 /* XMLRPCEncoder.h */ = {isa = PBXFileReference; fileEncoding = 4; lastKnownFileType = sourcecode.c.h; path = XMLRPCEncoder.h; sourceTree = "<group>"; };
		86B02D3F108B50A0009B7F46 /* XMLRPCEncoder.m */ = {isa = PBXFileReference; fileEncoding = 4; lastKnownFileType = sourcecode.c.objc; path = XMLRPCEncoder.m; sourceTree = "<group>"; };
		86B02D40108B50A0009B7F46 /* XMLRPCEventBasedParser.h */ = {isa = PBXFileReference; fileEncoding = 4; lastKnownFileType = sourcecode.c.h; path = XMLRPCEventBasedParser.h; sourceTree = "<group>"; };
		86B02D41108B50A0009B7F46 /* XMLRPCEventBasedParser.m */ = {isa = PBXFileReference; fileEncoding = 4; lastKnownFileType = sourcecode.c.objc; path = XMLRPCEventBasedParser.m; sourceTree = "<group>"; };
		86B02D42108B50A0009B7F46 /* XMLRPCEventBasedParserDelegate.h */ = {isa = PBXFileReference; fileEncoding = 4; lastKnownFileType = sourcecode.c.h; path = XMLRPCEventBasedParserDelegate.h; sourceTree = "<group>"; };
		86B02D43108B50A0009B7F46 /* XMLRPCEventBasedParserDelegate.m */ = {isa = PBXFileReference; fileEncoding = 4; lastKnownFileType = sourcecode.c.objc; path = XMLRPCEventBasedParserDelegate.m; sourceTree = "<group>"; };
		86B02D44108B50A0009B7F46 /* XMLRPCRequest.h */ = {isa = PBXFileReference; fileEncoding = 4; lastKnownFileType = sourcecode.c.h; path = XMLRPCRequest.h; sourceTree = "<group>"; };
		86B02D45108B50A0009B7F46 /* XMLRPCRequest.m */ = {isa = PBXFileReference; fileEncoding = 4; lastKnownFileType = sourcecode.c.objc; path = XMLRPCRequest.m; sourceTree = "<group>"; };
		86B02D46108B50A0009B7F46 /* XMLRPCResponse.h */ = {isa = PBXFileReference; fileEncoding = 4; lastKnownFileType = sourcecode.c.h; path = XMLRPCResponse.h; sourceTree = "<group>"; };
		86B02D47108B50A0009B7F46 /* XMLRPCResponse.m */ = {isa = PBXFileReference; fileEncoding = 4; lastKnownFileType = sourcecode.c.objc; path = XMLRPCResponse.m; sourceTree = "<group>"; };
		86B02D48108B50A0009B7F46 /* XMLRPCTreeBasedParser.h */ = {isa = PBXFileReference; fileEncoding = 4; lastKnownFileType = sourcecode.c.h; path = XMLRPCTreeBasedParser.h; sourceTree = "<group>"; };
		86B02D49108B50A0009B7F46 /* XMLRPCTreeBasedParser.m */ = {isa = PBXFileReference; fileEncoding = 4; lastKnownFileType = sourcecode.c.objc; path = XMLRPCTreeBasedParser.m; sourceTree = "<group>"; };
		86B02D7B108B517F009B7F46 /* XMLRPCDelegate.h */ = {isa = PBXFileReference; fileEncoding = 4; lastKnownFileType = sourcecode.c.h; path = XMLRPCDelegate.h; sourceTree = "<group>"; };
		86B02D7C108B517F009B7F46 /* XMLRPCDelegate.m */ = {isa = PBXFileReference; fileEncoding = 4; lastKnownFileType = sourcecode.c.objc; path = XMLRPCDelegate.m; sourceTree = "<group>"; };
		8D1107310486CEB800E47090 /* rt_tray-Info.plist */ = {isa = PBXFileReference; fileEncoding = 4; lastKnownFileType = text.plist.xml; path = "rt_tray-Info.plist"; sourceTree = "<group>"; };
		8D1107320486CEB800E47090 /* rt-tray.app */ = {isa = PBXFileReference; explicitFileType = wrapper.application; includeInIndex = 0; path = "rt-tray.app"; sourceTree = BUILT_PRODUCTS_DIR; };
/* End PBXFileReference section */

/* Begin PBXFrameworksBuildPhase section */
		8D11072E0486CEB800E47090 /* Frameworks */ = {
			isa = PBXFrameworksBuildPhase;
			buildActionMask = 2147483647;
			files = (
				8D11072F0486CEB800E47090 /* Cocoa.framework in Frameworks */,
			);
			runOnlyForDeploymentPostprocessing = 0;
		};
/* End PBXFrameworksBuildPhase section */

/* Begin PBXGroup section */
		080E96DDFE201D6D7F000001 /* Classes */ = {
			isa = PBXGroup;
			children = (
				861845AD108B981300D72F2D /* XMLRPC */,
				256AC3D80F4B6AC300CF3369 /* rt_trayAppDelegate.h */,
				256AC3D90F4B6AC300CF3369 /* rt_trayAppDelegate.m */,
				86B02C8A108B0F39009B7F46 /* TorrentListController.h */,
				86B02C8B108B0F39009B7F46 /* TorrentListController.m */,
				861843BD108B6FAF00D72F2D /* Torrent.h */,
				861843BE108B6FAF00D72F2D /* Torrent.m */,
				861843C6108B706E00D72F2D /* Config.h */,
				861843C7108B706E00D72F2D /* Config.m */,
			);
			name = Classes;
			sourceTree = "<group>";
		};
		1058C7A0FEA54F0111CA2CBB /* Linked Frameworks */ = {
			isa = PBXGroup;
			children = (
				1058C7A1FEA54F0111CA2CBB /* Cocoa.framework */,
			);
			name = "Linked Frameworks";
			sourceTree = "<group>";
		};
		1058C7A2FEA54F0111CA2CBB /* Other Frameworks */ = {
			isa = PBXGroup;
			children = (
				29B97324FDCFA39411CA2CEA /* AppKit.framework */,
				13E42FB307B3F0F600E4EEF1 /* CoreData.framework */,
				29B97325FDCFA39411CA2CEA /* Foundation.framework */,
			);
			name = "Other Frameworks";
			sourceTree = "<group>";
		};
		19C28FACFE9D520D11CA2CBB /* Products */ = {
			isa = PBXGroup;
			children = (
				8D1107320486CEB800E47090 /* rt-tray.app */,
			);
			name = Products;
			sourceTree = "<group>";
		};
		29B97314FDCFA39411CA2CEA /* rt-tray */ = {
			isa = PBXGroup;
			children = (
				080E96DDFE201D6D7F000001 /* Classes */,
				29B97315FDCFA39411CA2CEA /* Other Sources */,
				29B97317FDCFA39411CA2CEA /* Resources */,
				29B97323FDCFA39411CA2CEA /* Frameworks */,
				19C28FACFE9D520D11CA2CBB /* Products */,
				86B02D7B108B517F009B7F46 /* XMLRPCDelegate.h */,
				86B02D7C108B517F009B7F46 /* XMLRPCDelegate.m */,
			);
			name = "rt-tray";
			sourceTree = "<group>";
		};
		29B97315FDCFA39411CA2CEA /* Other Sources */ = {
			isa = PBXGroup;
			children = (
				256AC3F00F4B6AF500CF3369 /* rt_tray_Prefix.pch */,
				29B97316FDCFA39411CA2CEA /* main.m */,
			);
			name = "Other Sources";
			sourceTree = "<group>";
		};
		29B97317FDCFA39411CA2CEA /* Resources */ = {
			isa = PBXGroup;
			children = (
				8D1107310486CEB800E47090 /* rt_tray-Info.plist */,
				089C165CFE840E0CC02AAC07 /* InfoPlist.strings */,
				1DDD58140DA1D0A300B32029 /* MainMenu.xib */,
			);
			name = Resources;
			sourceTree = "<group>";
		};
		29B97323FDCFA39411CA2CEA /* Frameworks */ = {
			isa = PBXGroup;
			children = (
				1058C7A0FEA54F0111CA2CBB /* Linked Frameworks */,
				1058C7A2FEA54F0111CA2CBB /* Other Frameworks */,
			);
			name = Frameworks;
			sourceTree = "<group>";
		};
		861845AD108B981300D72F2D /* XMLRPC */ = {
			isa = PBXGroup;
			children = (
				86B02D38108B50A0009B7F46 /* XMLRPC.h */,
				86B02D39108B50A0009B7F46 /* XMLRPCConnection.h */,
				86B02D3A108B50A0009B7F46 /* XMLRPCConnection.m */,
				86B02D3B108B50A0009B7F46 /* XMLRPCConnectionDelegate.h */,
				86B02D3C108B50A0009B7F46 /* XMLRPCConnectionManager.h */,
				86B02D3D108B50A0009B7F46 /* XMLRPCConnectionManager.m */,
				86B02D3E108B50A0009B7F46 /* XMLRPCEncoder.h */,
				86B02D3F108B50A0009B7F46 /* XMLRPCEncoder.m */,
				86B02D40108B50A0009B7F46 /* XMLRPCEventBasedParser.h */,
				86B02D41108B50A0009B7F46 /* XMLRPCEventBasedParser.m */,
				86B02D42108B50A0009B7F46 /* XMLRPCEventBasedParserDelegate.h */,
				86B02D43108B50A0009B7F46 /* XMLRPCEventBasedParserDelegate.m */,
				86B02D44108B50A0009B7F46 /* XMLRPCRequest.h */,
				86B02D45108B50A0009B7F46 /* XMLRPCRequest.m */,
				86B02D46108B50A0009B7F46 /* XMLRPCResponse.h */,
				86B02D47108B50A0009B7F46 /* XMLRPCResponse.m */,
				86B02D48108B50A0009B7F46 /* XMLRPCTreeBasedParser.h */,
				86B02D49108B50A0009B7F46 /* XMLRPCTreeBasedParser.m */,
				86B02D34108B50A0009B7F46 /* NSDataAdditions.h */,
				86B02D35108B50A0009B7F46 /* NSDataAdditions.m */,
				86B02D36108B50A0009B7F46 /* NSStringAdditions.h */,
				86B02D37108B50A0009B7F46 /* NSStringAdditions.m */,
			);
			name = XMLRPC;
			sourceTree = "<group>";
		};
/* End PBXGroup section */

/* Begin PBXNativeTarget section */
		8D1107260486CEB800E47090 /* rt-tray */ = {
			isa = PBXNativeTarget;
			buildConfigurationList = C01FCF4A08A954540054247B /* Build configuration list for PBXNativeTarget "rt-tray" */;
			buildPhases = (
				8D1107290486CEB800E47090 /* Resources */,
				8D11072C0486CEB800E47090 /* Sources */,
				8D11072E0486CEB800E47090 /* Frameworks */,
			);
			buildRules = (
			);
			dependencies = (
			);
			name = "rt-tray";
			productInstallPath = "$(HOME)/Applications";
			productName = "rt-tray";
			productReference = 8D1107320486CEB800E47090 /* rt-tray.app */;
			productType = "com.apple.product-type.application";
		};
/* End PBXNativeTarget section */

/* Begin PBXProject section */
		29B97313FDCFA39411CA2CEA /* Project object */ = {
			isa = PBXProject;
			buildConfigurationList = C01FCF4E08A954540054247B /* Build configuration list for PBXProject "rt-tray" */;
			compatibilityVersion = "Xcode 3.1";
			hasScannedForEncodings = 1;
			mainGroup = 29B97314FDCFA39411CA2CEA /* rt-tray */;
			projectDirPath = "";
			projectRoot = "";
			targets = (
				8D1107260486CEB800E47090 /* rt-tray */,
			);
		};
/* End PBXProject section */

/* Begin PBXResourcesBuildPhase section */
		8D1107290486CEB800E47090 /* Resources */ = {
			isa = PBXResourcesBuildPhase;
			buildActionMask = 2147483647;
			files = (
				8D11072B0486CEB800E47090 /* InfoPlist.strings in Resources */,
				1DDD58160DA1D0A300B32029 /* MainMenu.xib in Resources */,
			);
			runOnlyForDeploymentPostprocessing = 0;
		};
/* End PBXResourcesBuildPhase section */

/* Begin PBXSourcesBuildPhase section */
		8D11072C0486CEB800E47090 /* Sources */ = {
			isa = PBXSourcesBuildPhase;
			buildActionMask = 2147483647;
			files = (
				8D11072D0486CEB800E47090 /* main.m in Sources */,
				256AC3DA0F4B6AC300CF3369 /* rt_trayAppDelegate.m in Sources */,
				86B02C8C108B0F39009B7F46 /* TorrentListController.m in Sources */,
				86B02D4A108B50A0009B7F46 /* NSDataAdditions.m in Sources */,
				86B02D4B108B50A0009B7F46 /* NSStringAdditions.m in Sources */,
				86B02D4C108B50A0009B7F46 /* XMLRPCConnection.m in Sources */,
				86B02D4D108B50A0009B7F46 /* XMLRPCConnectionManager.m in Sources */,
				86B02D4E108B50A0009B7F46 /* XMLRPCEncoder.m in Sources */,
				86B02D4F108B50A0009B7F46 /* XMLRPCEventBasedParser.m in Sources */,
				86B02D50108B50A0009B7F46 /* XMLRPCEventBasedParserDelegate.m in Sources */,
				86B02D51108B50A0009B7F46 /* XMLRPCRequest.m in Sources */,
				86B02D52108B50A0009B7F46 /* XMLRPCResponse.m in Sources */,
				86B02D53108B50A0009B7F46 /* XMLRPCTreeBasedParser.m in Sources */,
				86B02D7D108B517F009B7F46 /* XMLRPCDelegate.m in Sources */,
				861843BF108B6FAF00D72F2D /* Torrent.m in Sources */,
				861843C8108B706E00D72F2D /* Config.m in Sources */,
			);
			runOnlyForDeploymentPostprocessing = 0;
		};
/* End PBXSourcesBuildPhase section */

/* Begin PBXVariantGroup section */
		089C165CFE840E0CC02AAC07 /* InfoPlist.strings */ = {
			isa = PBXVariantGroup;
			children = (
				089C165DFE840E0CC02AAC07 /* English */,
			);
			name = InfoPlist.strings;
			sourceTree = "<group>";
		};
		1DDD58140DA1D0A300B32029 /* MainMenu.xib */ = {
			isa = PBXVariantGroup;
			children = (
				1DDD58150DA1D0A300B32029 /* English */,
			);
			name = MainMenu.xib;
			sourceTree = "<group>";
		};
/* End PBXVariantGroup section */

/* Begin XCBuildConfiguration section */
		C01FCF4B08A954540054247B /* Debug */ = {
			isa = XCBuildConfiguration;
			buildSettings = {
				ALWAYS_SEARCH_USER_PATHS = NO;
				COPY_PHASE_STRIP = NO;
				GCC_DYNAMIC_NO_PIC = NO;
				GCC_ENABLE_FIX_AND_CONTINUE = YES;
				GCC_MODEL_TUNING = G5;
				GCC_OPTIMIZATION_LEVEL = 0;
				GCC_PRECOMPILE_PREFIX_HEADER = YES;
				GCC_PREFIX_HEADER = rt_tray_Prefix.pch;
				INFOPLIST_FILE = "rt_tray-Info.plist";
				INSTALL_PATH = "$(HOME)/Applications";
				PRODUCT_NAME = "rt-tray";
			};
			name = Debug;
		};
		C01FCF4C08A954540054247B /* Release */ = {
			isa = XCBuildConfiguration;
			buildSettings = {
				ALWAYS_SEARCH_USER_PATHS = NO;
				DEBUG_INFORMATION_FORMAT = "dwarf-with-dsym";
				GCC_MODEL_TUNING = G5;
				GCC_PRECOMPILE_PREFIX_HEADER = YES;
				GCC_PREFIX_HEADER = rt_tray_Prefix.pch;
				INFOPLIST_FILE = "rt_tray-Info.plist";
				INSTALL_PATH = "$(HOME)/Applications";
				PRODUCT_NAME = "rt-tray";
			};
			name = Release;
		};
		C01FCF4F08A954540054247B /* Debug */ = {
			isa = XCBuildConfiguration;
			buildSettings = {
				ARCHS = "$(ARCHS_STANDARD_32_64_BIT)";
				GCC_C_LANGUAGE_STANDARD = gnu99;
				GCC_OPTIMIZATION_LEVEL = 0;
				GCC_WARN_ABOUT_RETURN_TYPE = YES;
				GCC_WARN_UNUSED_VARIABLE = YES;
				ONLY_ACTIVE_ARCH = YES;
				PREBINDING = NO;
				SDKROOT = macosx10.6;
			};
			name = Debug;
		};
		C01FCF5008A954540054247B /* Release */ = {
			isa = XCBuildConfiguration;
			buildSettings = {
				ARCHS = "$(ARCHS_STANDARD_32_64_BIT)";
				GCC_C_LANGUAGE_STANDARD = gnu99;
				GCC_WARN_ABOUT_RETURN_TYPE = YES;
				GCC_WARN_UNUSED_VARIABLE = YES;
				PREBINDING = NO;
				SDKROOT = macosx10.6;
			};
			name = Release;
		};
/* End XCBuildConfiguration section */

/* Begin XCConfigurationList section */
		C01FCF4A08A954540054247B /* Build configuration list for PBXNativeTarget "rt-tray" */ = {
			isa = XCConfigurationList;
			buildConfigurations = (
				C01FCF4B08A954540054247B /* Debug */,
				C01FCF4C08A954540054247B /* Release */,
			);
			defaultConfigurationIsVisible = 0;
			defaultConfigurationName = Release;
		};
		C01FCF4E08A954540054247B /* Build configuration list for PBXProject "rt-tray" */ = {
			isa = XCConfigurationList;
			buildConfigurations = (
				C01FCF4F08A954540054247B /* Debug */,
				C01FCF5008A954540054247B /* Release */,
			);
			defaultConfigurationIsVisible = 0;
			defaultConfigurationName = Release;
		};
/* End XCConfigurationList section */
	};
	rootObject = 29B97313FDCFA39411CA2CEA /* Project object */;
}
